// !$*UTF8*$!
{
	archiveVersion = 1;
	classes = {
	};
	objectVersion = 55;
	objects = {

/* Begin PBXBuildFile section */
		134C3897AD6D94546728C0B5 /* Pods_YayaSwift.framework in Frameworks */ = {isa = PBXBuildFile; fileRef = 80BCB36DA899586F57C2EE69 /* Pods_YayaSwift.framework */; };
		F905CAF327E9BEB40089FEB5 /* AppDelegate.swift in Sources */ = {isa = PBXBuildFile; fileRef = F905CAF227E9BEB40089FEB5 /* AppDelegate.swift */; };
		F905CAFC27E9BEB50089FEB5 /* Assets.xcassets in Resources */ = {isa = PBXBuildFile; fileRef = F905CAFB27E9BEB50089FEB5 /* Assets.xcassets */; };
		F905CAFF27E9BEB50089FEB5 /* LaunchScreen.storyboard in Resources */ = {isa = PBXBuildFile; fileRef = F905CAFD27E9BEB50089FEB5 /* LaunchScreen.storyboard */; };
		F905CB0927E9BFD00089FEB5 /* loginvc.swift in Sources */ = {isa = PBXBuildFile; fileRef = F905CB0827E9BFD00089FEB5 /* loginvc.swift */; };
		F905CB2027EB01E50089FEB5 /* common.swift in Sources */ = {isa = PBXBuildFile; fileRef = F905CB1F27EB01E50089FEB5 /* common.swift */; };
		F905CB2927EB02EE0089FEB5 /* login_btn@2x.png in Resources */ = {isa = PBXBuildFile; fileRef = F905CB2227EB02EE0089FEB5 /* login_btn@2x.png */; };
		F905CB2A27EB02EE0089FEB5 /* login_btn@3x.png in Resources */ = {isa = PBXBuildFile; fileRef = F905CB2327EB02EE0089FEB5 /* login_btn@3x.png */; };
		F905CB2B27EB02EE0089FEB5 /* account@3x.png in Resources */ = {isa = PBXBuildFile; fileRef = F905CB2427EB02EE0089FEB5 /* account@3x.png */; };
		F905CB2C27EB02EE0089FEB5 /* account@2x.png in Resources */ = {isa = PBXBuildFile; fileRef = F905CB2527EB02EE0089FEB5 /* account@2x.png */; };
		F905CB2D27EB02EE0089FEB5 /* login_logo@2x.png in Resources */ = {isa = PBXBuildFile; fileRef = F905CB2627EB02EE0089FEB5 /* login_logo@2x.png */; };
		F905CB2E27EB02EE0089FEB5 /* all_bg.png in Resources */ = {isa = PBXBuildFile; fileRef = F905CB2727EB02EE0089FEB5 /* all_bg.png */; };
		F905CB2F27EB02EE0089FEB5 /* login_logo@3x.png in Resources */ = {isa = PBXBuildFile; fileRef = F905CB2827EB02EE0089FEB5 /* login_logo@3x.png */; };
		F905CB3127EB09BB0089FEB5 /* MainVC.swift in Sources */ = {isa = PBXBuildFile; fileRef = F905CB3027EB09BB0089FEB5 /* MainVC.swift */; };
/* End PBXBuildFile section */

/* Begin PBXFileReference section */
		6AEA5C74B3999C3E798F1F82 /* Pods-YayaSwift.release.xcconfig */ = {isa = PBXFileReference; includeInIndex = 1; lastKnownFileType = text.xcconfig; name = "Pods-YayaSwift.release.xcconfig"; path = "Target Support Files/Pods-YayaSwift/Pods-YayaSwift.release.xcconfig"; sourceTree = "<group>"; };
		80BCB36DA899586F57C2EE69 /* Pods_YayaSwift.framework */ = {isa = PBXFileReference; explicitFileType = wrapper.framework; includeInIndex = 0; path = Pods_YayaSwift.framework; sourceTree = BUILT_PRODUCTS_DIR; };
		880109A4332AF1F7ECA38763 /* Pods-YayaSwift.debug.xcconfig */ = {isa = PBXFileReference; includeInIndex = 1; lastKnownFileType = text.xcconfig; name = "Pods-YayaSwift.debug.xcconfig"; path = "Target Support Files/Pods-YayaSwift/Pods-YayaSwift.debug.xcconfig"; sourceTree = "<group>"; };
		F905CAEF27E9BEB40089FEB5 /* YayaSwift.app */ = {isa = PBXFileReference; explicitFileType = wrapper.application; includeInIndex = 0; path = YayaSwift.app; sourceTree = BUILT_PRODUCTS_DIR; };
		F905CAF227E9BEB40089FEB5 /* AppDelegate.swift */ = {isa = PBXFileReference; lastKnownFileType = sourcecode.swift; path = AppDelegate.swift; sourceTree = "<group>"; };
		F905CAFB27E9BEB50089FEB5 /* Assets.xcassets */ = {isa = PBXFileReference; lastKnownFileType = folder.assetcatalog; path = Assets.xcassets; sourceTree = "<group>"; };
		F905CAFE27E9BEB50089FEB5 /* Base */ = {isa = PBXFileReference; lastKnownFileType = file.storyboard; name = Base; path = Base.lproj/LaunchScreen.storyboard; sourceTree = "<group>"; };
		F905CB0027E9BEB50089FEB5 /* Info.plist */ = {isa = PBXFileReference; lastKnownFileType = text.plist.xml; path = Info.plist; sourceTree = "<group>"; };
		F905CB0827E9BFD00089FEB5 /* loginvc.swift */ = {isa = PBXFileReference; lastKnownFileType = sourcecode.swift; path = loginvc.swift; sourceTree = "<group>"; };
		F905CB1F27EB01E50089FEB5 /* common.swift */ = {isa = PBXFileReference; fileEncoding = 4; lastKnownFileType = sourcecode.swift; path = common.swift; sourceTree = "<group>"; };
		F905CB2227EB02EE0089FEB5 /* login_btn@2x.png */ = {isa = PBXFileReference; lastKnownFileType = image.png; path = "login_btn@2x.png"; sourceTree = "<group>"; };
		F905CB2327EB02EE0089FEB5 /* login_btn@3x.png */ = {isa = PBXFileReference; lastKnownFileType = image.png; path = "login_btn@3x.png"; sourceTree = "<group>"; };
		F905CB2427EB02EE0089FEB5 /* account@3x.png */ = {isa = PBXFileReference; lastKnownFileType = image.png; path = "account@3x.png"; sourceTree = "<group>"; };
		F905CB2527EB02EE0089FEB5 /* account@2x.png */ = {isa = PBXFileReference; lastKnownFileType = image.png; path = "account@2x.png"; sourceTree = "<group>"; };
		F905CB2627EB02EE0089FEB5 /* login_logo@2x.png */ = {isa = PBXFileReference; lastKnownFileType = image.png; path = "login_logo@2x.png"; sourceTree = "<group>"; };
		F905CB2727EB02EE0089FEB5 /* all_bg.png */ = {isa = PBXFileReference; lastKnownFileType = image.png; path = all_bg.png; sourceTree = "<group>"; };
		F905CB2827EB02EE0089FEB5 /* login_logo@3x.png */ = {isa = PBXFileReference; lastKnownFileType = image.png; path = "login_logo@3x.png"; sourceTree = "<group>"; };
		F905CB3027EB09BB0089FEB5 /* MainVC.swift */ = {isa = PBXFileReference; lastKnownFileType = sourcecode.swift; path = MainVC.swift; sourceTree = "<group>"; };
/* End PBXFileReference section */

/* Begin PBXFrameworksBuildPhase section */
		F905CAEC27E9BEB40089FEB5 /* Frameworks */ = {
			isa = PBXFrameworksBuildPhase;
			buildActionMask = 2147483647;
			files = (
				134C3897AD6D94546728C0B5 /* Pods_YayaSwift.framework in Frameworks */,
			);
			runOnlyForDeploymentPostprocessing = 0;
		};
/* End PBXFrameworksBuildPhase section */

/* Begin PBXGroup section */
		025DFEE940068E552D4A5077 /* Pods */ = {
			isa = PBXGroup;
			children = (
				880109A4332AF1F7ECA38763 /* Pods-YayaSwift.debug.xcconfig */,
				6AEA5C74B3999C3E798F1F82 /* Pods-YayaSwift.release.xcconfig */,
			);
			path = Pods;
			sourceTree = "<group>";
		};
		3416E8230A50A9AB14E04A29 /* Frameworks */ = {
			isa = PBXGroup;
			children = (
				80BCB36DA899586F57C2EE69 /* Pods_YayaSwift.framework */,
			);
			name = Frameworks;
			sourceTree = "<group>";
		};
		F905CAE627E9BEB30089FEB5 = {
			isa = PBXGroup;
			children = (
				F905CAF127E9BEB40089FEB5 /* YayaSwift */,
				F905CAF027E9BEB40089FEB5 /* Products */,
				025DFEE940068E552D4A5077 /* Pods */,
				3416E8230A50A9AB14E04A29 /* Frameworks */,
			);
			sourceTree = "<group>";
		};
		F905CAF027E9BEB40089FEB5 /* Products */ = {
			isa = PBXGroup;
			children = (
				F905CAEF27E9BEB40089FEB5 /* YayaSwift.app */,
			);
			name = Products;
			sourceTree = "<group>";
		};
		F905CAF127E9BEB40089FEB5 /* YayaSwift */ = {
			isa = PBXGroup;
			children = (
				F905CB2127EB02EE0089FEB5 /* image */,
				F905CAF227E9BEB40089FEB5 /* AppDelegate.swift */,
				F905CB1F27EB01E50089FEB5 /* common.swift */,
				F905CAFB27E9BEB50089FEB5 /* Assets.xcassets */,
				F905CAFD27E9BEB50089FEB5 /* LaunchScreen.storyboard */,
				F905CB0027E9BEB50089FEB5 /* Info.plist */,
				F905CB0827E9BFD00089FEB5 /* loginvc.swift */,
				F905CB3027EB09BB0089FEB5 /* MainVC.swift */,
			);
			path = YayaSwift;
			sourceTree = "<group>";
		};
		F905CB2127EB02EE0089FEB5 /* image */ = {
			isa = PBXGroup;
			children = (
				F905CB2227EB02EE0089FEB5 /* login_btn@2x.png */,
				F905CB2327EB02EE0089FEB5 /* login_btn@3x.png */,
				F905CB2427EB02EE0089FEB5 /* account@3x.png */,
				F905CB2527EB02EE0089FEB5 /* account@2x.png */,
				F905CB2627EB02EE0089FEB5 /* login_logo@2x.png */,
				F905CB2727EB02EE0089FEB5 /* all_bg.png */,
				F905CB2827EB02EE0089FEB5 /* login_logo@3x.png */,
			);
			path = image;
			sourceTree = "<group>";
		};
/* End PBXGroup section */

/* Begin PBXNativeTarget section */
		F905CAEE27E9BEB40089FEB5 /* YayaSwift */ = {
			isa = PBXNativeTarget;
			buildConfigurationList = F905CB0327E9BEB50089FEB5 /* Build configuration list for PBXNativeTarget "YayaSwift" */;
			buildPhases = (
				CED583E860499340926A7C7D /* [CP] Check Pods Manifest.lock */,
				F905CAEB27E9BEB40089FEB5 /* Sources */,
				F905CAEC27E9BEB40089FEB5 /* Frameworks */,
				F905CAED27E9BEB40089FEB5 /* Resources */,
				301E46691A16F3A9C2B982B5 /* [CP] Embed Pods Frameworks */,
			);
			buildRules = (
			);
			dependencies = (
			);
			name = YayaSwift;
			productName = YayaSwift;
			productReference = F905CAEF27E9BEB40089FEB5 /* YayaSwift.app */;
			productType = "com.apple.product-type.application";
		};
/* End PBXNativeTarget section */

/* Begin PBXProject section */
		F905CAE727E9BEB30089FEB5 /* Project object */ = {
			isa = PBXProject;
			attributes = {
				BuildIndependentTargetsInParallel = 1;
				LastSwiftUpdateCheck = 1320;
				LastUpgradeCheck = 1320;
				TargetAttributes = {
					F905CAEE27E9BEB40089FEB5 = {
						CreatedOnToolsVersion = 13.2.1;
					};
				};
			};
			buildConfigurationList = F905CAEA27E9BEB30089FEB5 /* Build configuration list for PBXProject "YayaSwift" */;
			compatibilityVersion = "Xcode 13.0";
			developmentRegion = en;
			hasScannedForEncodings = 0;
			knownRegions = (
				en,
				Base,
			);
			mainGroup = F905CAE627E9BEB30089FEB5;
			productRefGroup = F905CAF027E9BEB40089FEB5 /* Products */;
			projectDirPath = "";
			projectRoot = "";
			targets = (
				F905CAEE27E9BEB40089FEB5 /* YayaSwift */,
			);
		};
/* End PBXProject section */

/* Begin PBXResourcesBuildPhase section */
		F905CAED27E9BEB40089FEB5 /* Resources */ = {
			isa = PBXResourcesBuildPhase;
			buildActionMask = 2147483647;
			files = (
				F905CB2927EB02EE0089FEB5 /* login_btn@2x.png in Resources */,
				F905CB2D27EB02EE0089FEB5 /* login_logo@2x.png in Resources */,
				F905CB2F27EB02EE0089FEB5 /* login_logo@3x.png in Resources */,
				F905CAFF27E9BEB50089FEB5 /* LaunchScreen.storyboard in Resources */,
				F905CB2B27EB02EE0089FEB5 /* account@3x.png in Resources */,
				F905CB2A27EB02EE0089FEB5 /* login_btn@3x.png in Resources */,
				F905CB2C27EB02EE0089FEB5 /* account@2x.png in Resources */,
				F905CB2E27EB02EE0089FEB5 /* all_bg.png in Resources */,
				F905CAFC27E9BEB50089FEB5 /* Assets.xcassets in Resources */,
			);
			runOnlyForDeploymentPostprocessing = 0;
		};
/* End PBXResourcesBuildPhase section */

/* Begin PBXShellScriptBuildPhase section */
		301E46691A16F3A9C2B982B5 /* [CP] Embed Pods Frameworks */ = {
			isa = PBXShellScriptBuildPhase;
			buildActionMask = 2147483647;
			files = (
			);
			inputFileListPaths = (
				"${PODS_ROOT}/Target Support Files/Pods-YayaSwift/Pods-YayaSwift-frameworks-${CONFIGURATION}-input-files.xcfilelist",
			);
			name = "[CP] Embed Pods Frameworks";
			outputFileListPaths = (
				"${PODS_ROOT}/Target Support Files/Pods-YayaSwift/Pods-YayaSwift-frameworks-${CONFIGURATION}-output-files.xcfilelist",
			);
			runOnlyForDeploymentPostprocessing = 0;
			shellPath = /bin/sh;
			shellScript = "\"${PODS_ROOT}/Target Support Files/Pods-YayaSwift/Pods-YayaSwift-frameworks.sh\"\n";
			showEnvVarsInLog = 0;
		};
		CED583E860499340926A7C7D /* [CP] Check Pods Manifest.lock */ = {
			isa = PBXShellScriptBuildPhase;
			buildActionMask = 2147483647;
			files = (
			);
			inputFileListPaths = (
			);
			inputPaths = (
				"${PODS_PODFILE_DIR_PATH}/Podfile.lock",
				"${PODS_ROOT}/Manifest.lock",
			);
			name = "[CP] Check Pods Manifest.lock";
			outputFileListPaths = (
			);
			outputPaths = (
				"$(DERIVED_FILE_DIR)/Pods-YayaSwift-checkManifestLockResult.txt",
			);
			runOnlyForDeploymentPostprocessing = 0;
			shellPath = /bin/sh;
			shellScript = "diff \"${PODS_PODFILE_DIR_PATH}/Podfile.lock\" \"${PODS_ROOT}/Manifest.lock\" > /dev/null\nif [ $? != 0 ] ; then\n    # print error to STDERR\n    echo \"error: The sandbox is not in sync with the Podfile.lock. Run 'pod install' or update your CocoaPods installation.\" >&2\n    exit 1\nfi\n# This output is used by Xcode 'outputs' to avoid re-running this script phase.\necho \"SUCCESS\" > \"${SCRIPT_OUTPUT_FILE_0}\"\n";
			showEnvVarsInLog = 0;
		};
/* End PBXShellScriptBuildPhase section */

/* Begin PBXSourcesBuildPhase section */
		F905CAEB27E9BEB40089FEB5 /* Sources */ = {
			isa = PBXSourcesBuildPhase;
			buildActionMask = 2147483647;
			files = (
				F905CB2027EB01E50089FEB5 /* common.swift in Sources */,
				F905CB3127EB09BB0089FEB5 /* MainVC.swift in Sources */,
				F905CAF327E9BEB40089FEB5 /* AppDelegate.swift in Sources */,
				F905CB0927E9BFD00089FEB5 /* loginvc.swift in Sources */,
			);
			runOnlyForDeploymentPostprocessing = 0;
		};
/* End PBXSourcesBuildPhase section */

/* Begin PBXVariantGroup section */
		F905CAFD27E9BEB50089FEB5 /* LaunchScreen.storyboard */ = {
			isa = PBXVariantGroup;
			children = (
				F905CAFE27E9BEB50089FEB5 /* Base */,
			);
			name = LaunchScreen.storyboard;
			sourceTree = "<group>";
		};
/* End PBXVariantGroup section */

/* Begin XCBuildConfiguration section */
		F905CB0127E9BEB50089FEB5 /* Debug */ = {
			isa = XCBuildConfiguration;
			buildSettings = {
				ALWAYS_SEARCH_USER_PATHS = NO;
				CLANG_ANALYZER_NONNULL = YES;
				CLANG_ANALYZER_NUMBER_OBJECT_CONVERSION = YES_AGGRESSIVE;
				CLANG_CXX_LANGUAGE_STANDARD = "gnu++17";
				CLANG_CXX_LIBRARY = "libc++";
				CLANG_ENABLE_MODULES = YES;
				CLANG_ENABLE_OBJC_ARC = YES;
				CLANG_ENABLE_OBJC_WEAK = YES;
				CLANG_WARN_BLOCK_CAPTURE_AUTORELEASING = YES;
				CLANG_WARN_BOOL_CONVERSION = YES;
				CLANG_WARN_COMMA = YES;
				CLANG_WARN_CONSTANT_CONVERSION = YES;
				CLANG_WARN_DEPRECATED_OBJC_IMPLEMENTATIONS = YES;
				CLANG_WARN_DIRECT_OBJC_ISA_USAGE = YES_ERROR;
				CLANG_WARN_DOCUMENTATION_COMMENTS = YES;
				CLANG_WARN_EMPTY_BODY = YES;
				CLANG_WARN_ENUM_CONVERSION = YES;
				CLANG_WARN_INFINITE_RECURSION = YES;
				CLANG_WARN_INT_CONVERSION = YES;
				CLANG_WARN_NON_LITERAL_NULL_CONVERSION = YES;
				CLANG_WARN_OBJC_IMPLICIT_RETAIN_SELF = YES;
				CLANG_WARN_OBJC_LITERAL_CONVERSION = YES;
				CLANG_WARN_OBJC_ROOT_CLASS = YES_ERROR;
				CLANG_WARN_QUOTED_INCLUDE_IN_FRAMEWORK_HEADER = YES;
				CLANG_WARN_RANGE_LOOP_ANALYSIS = YES;
				CLANG_WARN_STRICT_PROTOTYPES = YES;
				CLANG_WARN_SUSPICIOUS_MOVE = YES;
				CLANG_WARN_UNGUARDED_AVAILABILITY = YES_AGGRESSIVE;
				CLANG_WARN_UNREACHABLE_CODE = YES;
				CLANG_WARN__DUPLICATE_METHOD_MATCH = YES;
				COPY_PHASE_STRIP = NO;
				DEBUG_INFORMATION_FORMAT = dwarf;
				ENABLE_STRICT_OBJC_MSGSEND = YES;
				ENABLE_TESTABILITY = YES;
				GCC_C_LANGUAGE_STANDARD = gnu11;
				GCC_DYNAMIC_NO_PIC = NO;
				GCC_NO_COMMON_BLOCKS = YES;
				GCC_OPTIMIZATION_LEVEL = 0;
				GCC_PREPROCESSOR_DEFINITIONS = (
					"DEBUG=1",
					"$(inherited)",
				);
				GCC_WARN_64_TO_32_BIT_CONVERSION = YES;
				GCC_WARN_ABOUT_RETURN_TYPE = YES_ERROR;
				GCC_WARN_UNDECLARED_SELECTOR = YES;
				GCC_WARN_UNINITIALIZED_AUTOS = YES_AGGRESSIVE;
				GCC_WARN_UNUSED_FUNCTION = YES;
				GCC_WARN_UNUSED_VARIABLE = YES;
				IPHONEOS_DEPLOYMENT_TARGET = 15.2;
				MTL_ENABLE_DEBUG_INFO = INCLUDE_SOURCE;
				MTL_FAST_MATH = YES;
				ONLY_ACTIVE_ARCH = YES;
				SDKROOT = iphoneos;
				SWIFT_ACTIVE_COMPILATION_CONDITIONS = DEBUG;
				SWIFT_OPTIMIZATION_LEVEL = "-Onone";
			};
			name = Debug;
		};
		F905CB0227E9BEB50089FEB5 /* Release */ = {
			isa = XCBuildConfiguration;
			buildSettings = {
				ALWAYS_SEARCH_USER_PATHS = NO;
				CLANG_ANALYZER_NONNULL = YES;
				CLANG_ANALYZER_NUMBER_OBJECT_CONVERSION = YES_AGGRESSIVE;
				CLANG_CXX_LANGUAGE_STANDARD = "gnu++17";
				CLANG_CXX_LIBRARY = "libc++";
				CLANG_ENABLE_MODULES = YES;
				CLANG_ENABLE_OBJC_ARC = YES;
				CLANG_ENABLE_OBJC_WEAK = YES;
				CLANG_WARN_BLOCK_CAPTURE_AUTORELEASING = YES;
				CLANG_WARN_BOOL_CONVERSION = YES;
				CLANG_WARN_COMMA = YES;
				CLANG_WARN_CONSTANT_CONVERSION = YES;
				CLANG_WARN_DEPRECATED_OBJC_IMPLEMENTATIONS = YES;
				CLANG_WARN_DIRECT_OBJC_ISA_USAGE = YES_ERROR;
				CLANG_WARN_DOCUMENTATION_COMMENTS = YES;
				CLANG_WARN_EMPTY_BODY = YES;
				CLANG_WARN_ENUM_CONVERSION = YES;
				CLANG_WARN_INFINITE_RECURSION = YES;
				CLANG_WARN_INT_CONVERSION = YES;
				CLANG_WARN_NON_LITERAL_NULL_CONVERSION = YES;
				CLANG_WARN_OBJC_IMPLICIT_RETAIN_SELF = YES;
				CLANG_WARN_OBJC_LITERAL_CONVERSION = YES;
				CLANG_WARN_OBJC_ROOT_CLASS = YES_ERROR;
				CLANG_WARN_QUOTED_INCLUDE_IN_FRAMEWORK_HEADER = YES;
				CLANG_WARN_RANGE_LOOP_ANALYSIS = YES;
				CLANG_WARN_STRICT_PROTOTYPES = YES;
				CLANG_WARN_SUSPICIOUS_MOVE = YES;
				CLANG_WARN_UNGUARDED_AVAILABILITY = YES_AGGRESSIVE;
				CLANG_WARN_UNREACHABLE_CODE = YES;
				CLANG_WARN__DUPLICATE_METHOD_MATCH = YES;
				COPY_PHASE_STRIP = NO;
				DEBUG_INFORMATION_FORMAT = "dwarf-with-dsym";
				ENABLE_NS_ASSERTIONS = NO;
				ENABLE_STRICT_OBJC_MSGSEND = YES;
				GCC_C_LANGUAGE_STANDARD = gnu11;
				GCC_NO_COMMON_BLOCKS = YES;
				GCC_WARN_64_TO_32_BIT_CONVERSION = YES;
				GCC_WARN_ABOUT_RETURN_TYPE = YES_ERROR;
				GCC_WARN_UNDECLARED_SELECTOR = YES;
				GCC_WARN_UNINITIALIZED_AUTOS = YES_AGGRESSIVE;
				GCC_WARN_UNUSED_FUNCTION = YES;
				GCC_WARN_UNUSED_VARIABLE = YES;
				IPHONEOS_DEPLOYMENT_TARGET = 15.2;
				MTL_ENABLE_DEBUG_INFO = NO;
				MTL_FAST_MATH = YES;
				SDKROOT = iphoneos;
				SWIFT_COMPILATION_MODE = wholemodule;
				SWIFT_OPTIMIZATION_LEVEL = "-O";
				VALIDATE_PRODUCT = YES;
			};
			name = Release;
		};
		F905CB0427E9BEB50089FEB5 /* Debug */ = {
			isa = XCBuildConfiguration;
			baseConfigurationReference = 880109A4332AF1F7ECA38763 /* Pods-YayaSwift.debug.xcconfig */;
			buildSettings = {
				ASSETCATALOG_COMPILER_APPICON_NAME = AppIcon;
				ASSETCATALOG_COMPILER_GLOBAL_ACCENT_COLOR_NAME = AccentColor;
				CODE_SIGN_STYLE = Automatic;
				CURRENT_PROJECT_VERSION = 1;
				DEVELOPMENT_TEAM = MMSGG5DY8C;
				GENERATE_INFOPLIST_FILE = YES;
				INFOPLIST_FILE = YayaSwift/Info.plist;
				INFOPLIST_KEY_UIApplicationSupportsIndirectInputEvents = YES;
				INFOPLIST_KEY_UILaunchStoryboardName = LaunchScreen;
				INFOPLIST_KEY_UISupportedInterfaceOrientations = UIInterfaceOrientationPortrait;
				INFOPLIST_KEY_UISupportedInterfaceOrientations_iPad = "UIInterfaceOrientationPortrait UIInterfaceOrientationPortraitUpsideDown UIInterfaceOrientationLandscapeLeft UIInterfaceOrientationLandscapeRight";
				INFOPLIST_KEY_UISupportedInterfaceOrientations_iPhone = "UIInterfaceOrientationPortrait UIInterfaceOrientationLandscapeLeft UIInterfaceOrientationLandscapeRight";
				LD_RUNPATH_SEARCH_PATHS = (
					"$(inherited)",
					"@executable_path/Frameworks",
				);
				MARKETING_VERSION = 1.0;
				PRODUCT_BUNDLE_IDENTIFIER = com.mona.YayaSwift;
				PRODUCT_NAME = "$(TARGET_NAME)";
				SWIFT_EMIT_LOC_STRINGS = YES;
				SWIFT_VERSION = 5.0;
				TARGETED_DEVICE_FAMILY = "1,2";
			};
			name = Debug;
		};
		F905CB0527E9BEB50089FEB5 /* Release */ = {
			isa = XCBuildConfiguration;
			baseConfigurationReference = 6AEA5C74B3999C3E798F1F82 /* Pods-YayaSwift.release.xcconfig */;
			buildSettings = {
				ASSETCATALOG_COMPILER_APPICON_NAME = AppIcon;
				ASSETCATALOG_COMPILER_GLOBAL_ACCENT_COLOR_NAME = AccentColor;
				CODE_SIGN_STYLE = Automatic;
				CURRENT_PROJECT_VERSION = 1;
				DEVELOPMENT_TEAM = MMSGG5DY8C;
				GENERATE_INFOPLIST_FILE = YES;
				INFOPLIST_FILE = YayaSwift/Info.plist;
				INFOPLIST_KEY_UIApplicationSupportsIndirectInputEvents = YES;
				INFOPLIST_KEY_UILaunchStoryboardName = LaunchScreen;
				INFOPLIST_KEY_UISupportedInterfaceOrientations = UIInterfaceOrientationPortrait;
				INFOPLIST_KEY_UISupportedInterfaceOrientations_iPad = "UIInterfaceOrientationPortrait UIInterfaceOrientationPortraitUpsideDown UIInterfaceOrientationLandscapeLeft UIInterfaceOrientationLandscapeRight";
				INFOPLIST_KEY_UISupportedInterfaceOrientations_iPhone = "UIInterfaceOrientationPortrait UIInterfaceOrientationLandscapeLeft UIInterfaceOrientationLandscapeRight";
				LD_RUNPATH_SEARCH_PATHS = (
					"$(inherited)",
					"@executable_path/Frameworks",
				);
				MARKETING_VERSION = 1.0;
				PRODUCT_BUNDLE_IDENTIFIER = com.mona.YayaSwift;
				PRODUCT_NAME = "$(TARGET_NAME)";
				SWIFT_EMIT_LOC_STRINGS = YES;
				SWIFT_VERSION = 5.0;
				TARGETED_DEVICE_FAMILY = "1,2";
			};
			name = Release;
		};
/* End XCBuildConfiguration section */

/* Begin XCConfigurationList section */
		F905CAEA27E9BEB30089FEB5 /* Build configuration list for PBXProject "YayaSwift" */ = {
			isa = XCConfigurationList;
			buildConfigurations = (
				F905CB0127E9BEB50089FEB5 /* Debug */,
				F905CB0227E9BEB50089FEB5 /* Release */,
			);
			defaultConfigurationIsVisible = 0;
			defaultConfigurationName = Release;
		};
		F905CB0327E9BEB50089FEB5 /* Build configuration list for PBXNativeTarget "YayaSwift" */ = {
			isa = XCConfigurationList;
			buildConfigurations = (
				F905CB0427E9BEB50089FEB5 /* Debug */,
				F905CB0527E9BEB50089FEB5 /* Release */,
			);
			defaultConfigurationIsVisible = 0;
			defaultConfigurationName = Release;
		};
/* End XCConfigurationList section */
	};
	rootObject = F905CAE727E9BEB30089FEB5 /* Project object */;
}
